
Microsoft Visual Studio Solution File, Format Version 12.00
# Visual Studio Version 16
VisualStudioVersion = 16.0.31410.357
MinimumVisualStudioVersion = 10.0.40219.1
Project("{9A19103F-16F7-4668-BE54-9A1E7A4F7556}") = "NJ09-Task2-Email", "NJ09-Task2-Email\NJ09-Task2-Email.csproj", "{A0891F37-464C-46B1-A7A8-B9BDFE4E4F7E}"
EndProject
Project("{FAE04EC0-301F-11D3-BF4B-00C04F79EFBC}") = "Tests", "Tests\Tests.csproj", "{9818A0D0-6418-492B-BDA6-1306074A6C8C}"
EndProject
Global
	GlobalSection(SolutionConfigurationPlatforms) = preSolution
		Debug|Any CPU = Debug|Any CPU
		Release|Any CPU = Release|Any CPU
	EndGlobalSection
	GlobalSection(ProjectConfigurationPlatforms) = postSolution
		{A0891F37-464C-46B1-A7A8-B9BDFE4E4F7E}.Debug|Any CPU.ActiveCfg = Debug|Any CPU
		{A0891F37-464C-46B1-A7A8-B9BDFE4E4F7E}.Debug|Any CPU.Build.0 = Debug|Any CPU
		{A0891F37-464C-46B1-A7A8-B9BDFE4E4F7E}.Release|Any CPU.ActiveCfg = Release|Any CPU
		{A0891F37-464C-46B1-A7A8-B9BDFE4E4F7E}.Release|Any CPU.Build.0 = Release|Any CPU
		{9818A0D0-6418-492B-BDA6-1306074A6C8C}.Debug|Any CPU.ActiveCfg = Debug|Any CPU
		{9818A0D0-6418-492B-BDA6-1306074A6C8C}.Debug|Any CPU.Build.0 = Debug|Any CPU
		{9818A0D0-6418-492B-BDA6-1306074A6C8C}.Release|Any CPU.ActiveCfg = Release|Any CPU
		{9818A0D0-6418-492B-BDA6-1306074A6C8C}.Release|Any CPU.Build.0 = Release|Any CPU
	EndGlobalSection
	GlobalSection(SolutionProperties) = preSolution
		HideSolutionNode = FALSE
	EndGlobalSection
	GlobalSection(ExtensibilityGlobals) = postSolution
		SolutionGuid = {577B6E43-CB03-4A80-A292-FA72B9A247AF}
	EndGlobalSection
EndGlobal
